
Microsoft Visual Studio Solution File, Format Version 12.00
# Visual Studio Version 17
VisualStudioVersion = 17.5.002.0
MinimumVisualStudioVersion = 10.0.40219.1
Project("{2150E333-8FDC-42A3-9474-1A3956D46DE8}") = "1-console-app", "1-console-app", "{A4F900F1-085E-48F4-B4E2-2633E446DEA6}"
EndProject
Project("{9A19103F-16F7-4668-BE54-9A1E7A4F7556}") = "HelloWorld", "1-console-app\HelloWorld\HelloWorld.csproj", "{6E04D005-1CBC-4664-9692-44B0FDD17B8F}"
EndProject
Project("{FAE04EC0-301F-11D3-BF4B-00C04F79EFBC}") = "2-console-app", "2-console-app\2-console-app.csproj", "{A59EEACB-459F-4415-B42B-249B3A768A4B}"
EndProject
Project("{FAE04EC0-301F-11D3-BF4B-00C04F79EFBC}") = "3-console-app", "3-console-app\3-console-app.csproj", "{2B790D83-1551-43BF-9BC2-6EDB67C48943}"
EndProject
Project("{FAE04EC0-301F-11D3-BF4B-00C04F79EFBC}") = "DotnetAPI", "DotnetAPI\DotnetAPI.csproj", "{B10B9388-AE9D-4051-A511-D79AFA7DC87D}"
EndProject
Global
	GlobalSection(SolutionConfigurationPlatforms) = preSolution
		Debug|Any CPU = Debug|Any CPU
		Release|Any CPU = Release|Any CPU
	EndGlobalSection
	GlobalSection(ProjectConfigurationPlatforms) = postSolution
		{6E04D005-1CBC-4664-9692-44B0FDD17B8F}.Debug|Any CPU.ActiveCfg = Debug|Any CPU
		{6E04D005-1CBC-4664-9692-44B0FDD17B8F}.Debug|Any CPU.Build.0 = Debug|Any CPU
		{6E04D005-1CBC-4664-9692-44B0FDD17B8F}.Release|Any CPU.ActiveCfg = Release|Any CPU
		{6E04D005-1CBC-4664-9692-44B0FDD17B8F}.Release|Any CPU.Build.0 = Release|Any CPU
		{A59EEACB-459F-4415-B42B-249B3A768A4B}.Debug|Any CPU.ActiveCfg = Debug|Any CPU
		{A59EEACB-459F-4415-B42B-249B3A768A4B}.Debug|Any CPU.Build.0 = Debug|Any CPU
		{A59EEACB-459F-4415-B42B-249B3A768A4B}.Release|Any CPU.ActiveCfg = Release|Any CPU
		{A59EEACB-459F-4415-B42B-249B3A768A4B}.Release|Any CPU.Build.0 = Release|Any CPU
		{2B790D83-1551-43BF-9BC2-6EDB67C48943}.Debug|Any CPU.ActiveCfg = Debug|Any CPU
		{2B790D83-1551-43BF-9BC2-6EDB67C48943}.Debug|Any CPU.Build.0 = Debug|Any CPU
		{2B790D83-1551-43BF-9BC2-6EDB67C48943}.Release|Any CPU.ActiveCfg = Release|Any CPU
		{2B790D83-1551-43BF-9BC2-6EDB67C48943}.Release|Any CPU.Build.0 = Release|Any CPU
		{B10B9388-AE9D-4051-A511-D79AFA7DC87D}.Debug|Any CPU.ActiveCfg = Debug|Any CPU
		{B10B9388-AE9D-4051-A511-D79AFA7DC87D}.Debug|Any CPU.Build.0 = Debug|Any CPU
		{B10B9388-AE9D-4051-A511-D79AFA7DC87D}.Release|Any CPU.ActiveCfg = Release|Any CPU
		{B10B9388-AE9D-4051-A511-D79AFA7DC87D}.Release|Any CPU.Build.0 = Release|Any CPU
	EndGlobalSection
	GlobalSection(SolutionProperties) = preSolution
		HideSolutionNode = FALSE
	EndGlobalSection
	GlobalSection(NestedProjects) = preSolution
		{6E04D005-1CBC-4664-9692-44B0FDD17B8F} = {A4F900F1-085E-48F4-B4E2-2633E446DEA6}
	EndGlobalSection
	GlobalSection(ExtensibilityGlobals) = postSolution
		SolutionGuid = {1BD9846B-AD9A-4C91-B6DA-1FFEC1C008FF}
	EndGlobalSection
EndGlobal
